
Microsoft Visual Studio Solution File, Format Version 12.00
# Visual Studio Version 16
VisualStudioVersion = 16.0.31005.135
MinimumVisualStudioVersion = 10.0.40219.1
Project("{FAE04EC0-301F-11D3-BF4B-00C04F79EFBC}") = "HomeWork-8", "HomeWork-8\HomeWork-8.csproj", "{B282EB00-54E2-497C-BF46-68A53EEB8B45}"
EndProject
Global
	GlobalSection(SolutionConfigurationPlatforms) = preSolution
		Debug|Any CPU = Debug|Any CPU
		Release|Any CPU = Release|Any CPU
	EndGlobalSection
	GlobalSection(ProjectConfigurationPlatforms) = postSolution
		{B282EB00-54E2-497C-BF46-68A53EEB8B45}.Debug|Any CPU.ActiveCfg = Debug|Any CPU
		{B282EB00-54E2-497C-BF46-68A53EEB8B45}.Debug|Any CPU.Build.0 = Debug|Any CPU
		{B282EB00-54E2-497C-BF46-68A53EEB8B45}.Release|Any CPU.ActiveCfg = Release|Any CPU
		{B282EB00-54E2-497C-BF46-68A53EEB8B45}.Release|Any CPU.Build.0 = Release|Any CPU
	EndGlobalSection
	GlobalSection(SolutionProperties) = preSolution
		HideSolutionNode = FALSE
	EndGlobalSection
	GlobalSection(ExtensibilityGlobals) = postSolution
		SolutionGuid = {9DBF3DA6-9EC0-4DBA-9A91-66080C4F7426}
	EndGlobalSection
EndGlobal
