
Microsoft Visual Studio Solution File, Format Version 12.00
# Visual Studio Version 16
VisualStudioVersion = 16.0.31005.135
MinimumVisualStudioVersion = 10.0.40219.1
Project("{FAE04EC0-301F-11D3-BF4B-00C04F79EFBC}") = "ConsoleApp1", "ConsoleApp1\ConsoleApp1.csproj", "{09F69281-0139-4563-BEDC-1B2341457AB0}"
EndProject
Global
	GlobalSection(SolutionConfigurationPlatforms) = preSolution
		Debug|Any CPU = Debug|Any CPU
		Release|Any CPU = Release|Any CPU
	EndGlobalSection
	GlobalSection(ProjectConfigurationPlatforms) = postSolution
		{09F69281-0139-4563-BEDC-1B2341457AB0}.Debug|Any CPU.ActiveCfg = Debug|Any CPU
		{09F69281-0139-4563-BEDC-1B2341457AB0}.Debug|Any CPU.Build.0 = Debug|Any CPU
		{09F69281-0139-4563-BEDC-1B2341457AB0}.Release|Any CPU.ActiveCfg = Release|Any CPU
		{09F69281-0139-4563-BEDC-1B2341457AB0}.Release|Any CPU.Build.0 = Release|Any CPU
	EndGlobalSection
	GlobalSection(SolutionProperties) = preSolution
		HideSolutionNode = FALSE
	EndGlobalSection
	GlobalSection(ExtensibilityGlobals) = postSolution
		SolutionGuid = {8CE5318D-D1B7-4BF5-B0FF-24F040488BD0}
	EndGlobalSection
EndGlobal
